<?xml version="1.0" encoding="utf-8"?>
<Project ToolsVersion="17.0" xmlns="http://schemas.microsoft.com/developer/msbuild/2003">
  <ItemGroup>
    <ClCompile Include="Gamemain.cpp">
      <Filter>Source Files\proj.win32</Filter>
    </ClCompile>
    <ClCompile Include="D:\Our Stardew Valley\cocos\cocos2d\cocos\precheader.cpp">
      <Filter>Source Files</Filter>
    </ClCompile>
    <ClCompile Include="..\Classes\AppDelegate\AppDelegate.cpp">
      <Filter>Source Files\Classes\AppDelegate</Filter>
    </ClCompile>
    <ClCompile Include="..\Classes\Scene\BackGround.cpp">
      <Filter>Source Files\Classes\Scene</Filter>
    </ClCompile>
    <ClCompile Include="..\Classes\Scene\FarmGround.cpp">
      <Filter>Source Files\Classes\Scene</Filter>
    </ClCompile>
    <ClCompile Include="..\Classes\Scene\MenuScene.cpp">
      <Filter>Source Files\Classes\Scene</Filter>
    </ClCompile>
    <ClCompile Include="..\Classes\Player\Multiplayer.cpp">
      <Filter>Source Files\Classes\Player</Filter>
    </ClCompile>
    <ClCompile Include="..\Classes\Player\PlayerAccount.cpp">
      <Filter>Source Files\Classes\Player</Filter>
    </ClCompile>
    <ClCompile Include="..\Classes\Charactor\BackpackLayer.cpp">
      <Filter>Source Files\Classes\Charactor</Filter>
    </ClCompile>
    <ClCompile Include="..\Classes\TimeSystem\TimeSystem.cpp">
      <Filter>Source Files\Classes\TimeSystem</Filter>
    </ClCompile>
    <ClCompile Include="..\Classes\Moveable\moveable_sprite_key.cpp">
      <Filter>Source Files\Classes\Moveable</Filter>
    </ClCompile>
    <ClCompile Include="..\Classes\Global\Global.cpp">
      <Filter>Source Files\Classes\Global</Filter>
    </ClCompile>
    <ClCompile Include="..\Classes\Attribute\attribute.cpp">
      <Filter>Source Files\Classes\Attribute</Filter>
    </ClCompile>
    <ClCompile Include="..\Classes\TaskBar\TaskBar.cpp">
      <Filter>Source Files\Classes\TaskBar</Filter>
    </ClCompile>
    <ClCompile Include="..\Classes\TaskBar\TaskBarScene.cpp">
      <Filter>Source Files\Classes\TaskBar</Filter>
    </ClCompile>
  </ItemGroup>
  <ItemGroup>
    <ClInclude Include="D:\Our Stardew Valley\cocos\proj.win32\resource.h">
      <Filter>Source Files\proj.win32</Filter>
    </ClInclude>
    <ClInclude Include="D:\Our Stardew Valley\cocos\Resources\CloseNormal.png">
      <Filter>Resources</Filter>
    </ClInclude>
    <ClInclude Include="D:\Our Stardew Valley\cocos\Resources\CloseSelected.png">
      <Filter>Resources</Filter>
    </ClInclude>
    <ClInclude Include="D:\Our Stardew Valley\cocos\Resources\HelloWorld.png">
      <Filter>Resources</Filter>
    </ClInclude>
    <ClInclude Include="D:\Our Stardew Valley\cocos\Resources\fonts\Marker Felt.ttf">
      <Filter>Resources\fonts</Filter>
    </ClInclude>
    <ClInclude Include="D:\Our Stardew Valley\cocos\Resources\fonts\arial.ttf">
      <Filter>Resources\fonts</Filter>
    </ClInclude>
    <ClInclude Include="D:\Our Stardew Valley\cocos\Resources\res\.gitkeep">
      <Filter>Resources\res</Filter>
    </ClInclude>
    <ClInclude Include="..\Classes\AppDelegate\AppDelegate.h">
      <Filter>Source Files\Classes\AppDelegate</Filter>
    </ClInclude>
    <ClInclude Include="..\Classes\Scene\BackGround.h">
      <Filter>Source Files\Classes\Scene</Filter>
    </ClInclude>
    <ClInclude Include="..\Classes\Scene\FarmGround.h">
      <Filter>Source Files\Classes\Scene</Filter>
    </ClInclude>
    <ClInclude Include="..\Classes\Player\Multiplayer.h">
      <Filter>Source Files\Classes\Player</Filter>
    </ClInclude>
    <ClInclude Include="..\Classes\Player\PlayerAccount.h">
      <Filter>Source Files\Classes\Player</Filter>
    </ClInclude>
    <ClInclude Include="..\Classes\Scene\MenuScene.h">
      <Filter>Source Files\Classes\Scene</Filter>
    </ClInclude>
    <ClInclude Include="..\Classes\Charactor\BackpackLayer.h">
      <Filter>Source Files\Classes\Charactor</Filter>
    </ClInclude>
    <ClInclude Include="..\Classes\TimeSystem\TimeSystem.h">
      <Filter>Source Files\Classes\TimeSystem</Filter>
    </ClInclude>
    <ClInclude Include="..\Classes\Moveable\moveable_sprite_key.h">
      <Filter>Source Files\Classes\Moveable</Filter>
    </ClInclude>
    <ClInclude Include="..\Classes\Global\Global.h">
      <Filter>Source Files\Classes\Global</Filter>
    </ClInclude>
    <ClInclude Include="..\Classes\Attribute\attribute.h">
      <Filter>Source Files\Classes\Attribute</Filter>
    </ClInclude>
    <ClInclude Include="..\Classes\TaskBar\TaskBar.h">
      <Filter>Source Files\Classes\TaskBar</Filter>
    </ClInclude>
    <ClInclude Include="..\Classes\TaskBar\TaskBarScene.h">
      <Filter>Source Files\Classes\TaskBar</Filter>
    </ClInclude>
  </ItemGroup>
  <ItemGroup>
    <CustomBuild Include="D:\Our Stardew Valley\cocos\CMakeLists.txt" />
  </ItemGroup>
  <ItemGroup>
    <ResourceCompile Include="D:\Our Stardew Valley\cocos\proj.win32\game.rc">
      <Filter>Source Files\proj.win32</Filter>
    </ResourceCompile>
  </ItemGroup>
  <ItemGroup>
    <Filter Include="Resources">
      <UniqueIdentifier>{F56A6287-D1BF-3CA6-819A-769D8D91B7A5}</UniqueIdentifier>
    </Filter>
    <Filter Include="Resources\fonts">
      <UniqueIdentifier>{84023754-4B46-3CB6-B1C4-34A091F2704D}</UniqueIdentifier>
    </Filter>
    <Filter Include="Resources\res">
      <UniqueIdentifier>{2926219F-CB2C-3C3E-B4EF-8398948B9B09}</UniqueIdentifier>
    </Filter>
    <Filter Include="Source Files">
      <UniqueIdentifier>{75CB092F-6BB0-39B7-B454-5F3FAEF8ECAC}</UniqueIdentifier>
    </Filter>
    <Filter Include="Source Files\Classes">
      <UniqueIdentifier>{F988D935-9AF1-3EEF-BFF6-9AAC9EBE1928}</UniqueIdentifier>
    </Filter>
    <Filter Include="Source Files\proj.win32">
      <UniqueIdentifier>{134D8EDB-5099-3902-AFC6-CDDF67BDBDF2}</UniqueIdentifier>
    </Filter>
    <Filter Include="Source Files\Classes\AppDelegate">
      <UniqueIdentifier>{4b467b8e-f7a5-405f-9fd0-050393af16a6}</UniqueIdentifier>
    </Filter>
    <Filter Include="Source Files\Classes\Scene">
      <UniqueIdentifier>{84438407-bede-4e33-8ac1-6d32dbca612d}</UniqueIdentifier>
    </Filter>
    <Filter Include="Source Files\Classes\Player">
      <UniqueIdentifier>{e59f5c14-1259-4f02-a52a-042e5ac66c57}</UniqueIdentifier>
    </Filter>
    <Filter Include="Source Files\Classes\Charactor">
      <UniqueIdentifier>{9d1b49a0-4fd4-4180-8b7c-222526dbbc47}</UniqueIdentifier>
    </Filter>
    <Filter Include="Source Files\Classes\TimeSystem">
      <UniqueIdentifier>{7f321eb6-5262-46ee-adfc-b64476a66e65}</UniqueIdentifier>
    </Filter>
    <Filter Include="Source Files\Classes\Global">
      <UniqueIdentifier>{197e6e0e-7937-4413-8763-b156db588322}</UniqueIdentifier>
    </Filter>
    <Filter Include="Source Files\Classes\Moveable">
      <UniqueIdentifier>{afbeff4d-b7a2-4055-9753-8efb9ca6e3e6}</UniqueIdentifier>
    </Filter>
    <Filter Include="Source Files\Classes\Attribute">
      <UniqueIdentifier>{4dbf419c-f83d-4daf-bbde-169d460976c7}</UniqueIdentifier>
    </Filter>
    <Filter Include="Source Files\Classes\TaskBar">
      <UniqueIdentifier>{b1b097a0-2da8-4aac-a3e6-5d2b8d9e118e}</UniqueIdentifier>
    </Filter>
  </ItemGroup>
</Project>